// !$*UTF8*$!
{
	archiveVersion = 1;
	classes = {
	};
	objectVersion = 50;
	objects = {

/* Begin PBXBuildFile section */
		589E86BF224E20660043DF41 /* AppDelegate.swift in Sources */ = {isa = PBXBuildFile; fileRef = 589E86BE224E20660043DF41 /* AppDelegate.swift */; };
		589E86C1224E20660043DF41 /* ViewController.swift in Sources */ = {isa = PBXBuildFile; fileRef = 589E86C0224E20660043DF41 /* ViewController.swift */; };
		589E86C4224E20660043DF41 /* Main.storyboard in Resources */ = {isa = PBXBuildFile; fileRef = 589E86C2224E20660043DF41 /* Main.storyboard */; };
		589E86C6224E20680043DF41 /* Assets.xcassets in Resources */ = {isa = PBXBuildFile; fileRef = 589E86C5224E20680043DF41 /* Assets.xcassets */; };
		589E86C9224E20680043DF41 /* LaunchScreen.storyboard in Resources */ = {isa = PBXBuildFile; fileRef = 589E86C7224E20680043DF41 /* LaunchScreen.storyboard */; };
		589E86D1224E21740043DF41 /* UICMessengerViewController.swift in Sources */ = {isa = PBXBuildFile; fileRef = 589E86D0224E21740043DF41 /* UICMessengerViewController.swift */; };
/* End PBXBuildFile section */

/* Begin PBXFileReference section */
		589E86BB224E20660043DF41 /* UICMessageApp.app */ = {isa = PBXFileReference; explicitFileType = wrapper.application; includeInIndex = 0; path = UICMessageApp.app; sourceTree = BUILT_PRODUCTS_DIR; };
		589E86BE224E20660043DF41 /* AppDelegate.swift */ = {isa = PBXFileReference; lastKnownFileType = sourcecode.swift; path = AppDelegate.swift; sourceTree = "<group>"; };
		589E86C0224E20660043DF41 /* ViewController.swift */ = {isa = PBXFileReference; lastKnownFileType = sourcecode.swift; path = ViewController.swift; sourceTree = "<group>"; };
		589E86C3224E20660043DF41 /* Base */ = {isa = PBXFileReference; lastKnownFileType = file.storyboard; name = Base; path = Base.lproj/Main.storyboard; sourceTree = "<group>"; };
		589E86C5224E20680043DF41 /* Assets.xcassets */ = {isa = PBXFileReference; lastKnownFileType = folder.assetcatalog; path = Assets.xcassets; sourceTree = "<group>"; };
		589E86C8224E20680043DF41 /* Base */ = {isa = PBXFileReference; lastKnownFileType = file.storyboard; name = Base; path = Base.lproj/LaunchScreen.storyboard; sourceTree = "<group>"; };
		589E86CA224E20680043DF41 /* Info.plist */ = {isa = PBXFileReference; lastKnownFileType = text.plist.xml; path = Info.plist; sourceTree = "<group>"; };
		589E86D0224E21740043DF41 /* UICMessengerViewController.swift */ = {isa = PBXFileReference; lastKnownFileType = sourcecode.swift; path = UICMessengerViewController.swift; sourceTree = "<group>"; };
/* End PBXFileReference section */

/* Begin PBXFrameworksBuildPhase section */
		589E86B8224E20660043DF41 /* Frameworks */ = {
			isa = PBXFrameworksBuildPhase;
			buildActionMask = 2147483647;
			files = (
			);
			runOnlyForDeploymentPostprocessing = 0;
		};
/* End PBXFrameworksBuildPhase section */

/* Begin PBXGroup section */
		589E86B2224E20660043DF41 = {
			isa = PBXGroup;
			children = (
				589E86BD224E20660043DF41 /* UICMessageApp */,
				589E86BC224E20660043DF41 /* Products */,
			);
			sourceTree = "<group>";
		};
		589E86BC224E20660043DF41 /* Products */ = {
			isa = PBXGroup;
			children = (
				589E86BB224E20660043DF41 /* UICMessageApp.app */,
			);
			name = Products;
			sourceTree = "<group>";
		};
		589E86BD224E20660043DF41 /* UICMessageApp */ = {
			isa = PBXGroup;
			children = (
				589E86D0224E21740043DF41 /* UICMessengerViewController.swift */,
				589E86BE224E20660043DF41 /* AppDelegate.swift */,
				589E86C0224E20660043DF41 /* ViewController.swift */,
				589E86C2224E20660043DF41 /* Main.storyboard */,
				589E86C7224E20680043DF41 /* LaunchScreen.storyboard */,
				589E86C5224E20680043DF41 /* Assets.xcassets */,
				589E86CA224E20680043DF41 /* Info.plist */,
			);
			path = UICMessageApp;
			sourceTree = "<group>";
		};
/* End PBXGroup section */

/* Begin PBXNativeTarget section */
		589E86BA224E20660043DF41 /* UICMessageApp */ = {
			isa = PBXNativeTarget;
			buildConfigurationList = 589E86CD224E20680043DF41 /* Build configuration list for PBXNativeTarget "UICMessageApp" */;
			buildPhases = (
				589E86B7224E20660043DF41 /* Sources */,
				589E86B8224E20660043DF41 /* Frameworks */,
				589E86B9224E20660043DF41 /* Resources */,
			);
			buildRules = (
			);
			dependencies = (
			);
			name = UICMessageApp;
			productName = UICMessageApp;
			productReference = 589E86BB224E20660043DF41 /* UICMessageApp.app */;
			productType = "com.apple.product-type.application";
		};
/* End PBXNativeTarget section */

/* Begin PBXProject section */
		589E86B3224E20660043DF41 /* Project object */ = {
			isa = PBXProject;
			attributes = {
				LastSwiftUpdateCheck = 1020;
				LastUpgradeCheck = 1020;
				ORGANIZATIONNAME = "FitBest Bilgi Teknolojileri";
				TargetAttributes = {
					589E86BA224E20660043DF41 = {
						CreatedOnToolsVersion = 10.2;
					};
				};
			};
			buildConfigurationList = 589E86B6224E20660043DF41 /* Build configuration list for PBXProject "UICMessageApp" */;
			compatibilityVersion = "Xcode 9.3";
			developmentRegion = en;
			hasScannedForEncodings = 0;
			knownRegions = (
				en,
				Base,
			);
			mainGroup = 589E86B2224E20660043DF41;
			productRefGroup = 589E86BC224E20660043DF41 /* Products */;
			projectDirPath = "";
			projectRoot = "";
			targets = (
				589E86BA224E20660043DF41 /* UICMessageApp */,
			);
		};
/* End PBXProject section */

/* Begin PBXResourcesBuildPhase section */
		589E86B9224E20660043DF41 /* Resources */ = {
			isa = PBXResourcesBuildPhase;
			buildActionMask = 2147483647;
			files = (
				589E86C9224E20680043DF41 /* LaunchScreen.storyboard in Resources */,
				589E86C6224E20680043DF41 /* Assets.xcassets in Resources */,
				589E86C4224E20660043DF41 /* Main.storyboard in Resources */,
			);
			runOnlyForDeploymentPostprocessing = 0;
		};
/* End PBXResourcesBuildPhase section */

/* Begin PBXSourcesBuildPhase section */
		589E86B7224E20660043DF41 /* Sources */ = {
			isa = PBXSourcesBuildPhase;
			buildActionMask = 2147483647;
			files = (
				589E86D1224E21740043DF41 /* UICMessengerViewController.swift in Sources */,
				589E86C1224E20660043DF41 /* ViewController.swift in Sources */,
				589E86BF224E20660043DF41 /* AppDelegate.swift in Sources */,
			);
			runOnlyForDeploymentPostprocessing = 0;
		};
/* End PBXSourcesBuildPhase section */

/* Begin PBXVariantGroup section */
		589E86C2224E20660043DF41 /* Main.storyboard */ = {
			isa = PBXVariantGroup;
			children = (
				589E86C3224E20660043DF41 /* Base */,
			);
			name = Main.storyboard;
			sourceTree = "<group>";
		};
		589E86C7224E20680043DF41 /* LaunchScreen.storyboard */ = {
			isa = PBXVariantGroup;
			children = (
				589E86C8224E20680043DF41 /* Base */,
			);
			name = LaunchScreen.storyboard;
			sourceTree = "<group>";
		};
/* End PBXVariantGroup section */

/* Begin XCBuildConfiguration section */
		589E86CB224E20680043DF41 /* Debug */ = {
			isa = XCBuildConfiguration;
			buildSettings = {
				ALWAYS_SEARCH_USER_PATHS = NO;
				CLANG_ANALYZER_NONNULL = YES;
				CLANG_ANALYZER_NUMBER_OBJECT_CONVERSION = YES_AGGRESSIVE;
				CLANG_CXX_LANGUAGE_STANDARD = "gnu++14";
				CLANG_CXX_LIBRARY = "libc++";
				CLANG_ENABLE_MODULES = YES;
				CLANG_ENABLE_OBJC_ARC = YES;
				CLANG_ENABLE_OBJC_WEAK = YES;
				CLANG_WARN_BLOCK_CAPTURE_AUTORELEASING = YES;
				CLANG_WARN_BOOL_CONVERSION = YES;
				CLANG_WARN_COMMA = YES;
				CLANG_WARN_CONSTANT_CONVERSION = YES;
				CLANG_WARN_DEPRECATED_OBJC_IMPLEMENTATIONS = YES;
				CLANG_WARN_DIRECT_OBJC_ISA_USAGE = YES_ERROR;
				CLANG_WARN_DOCUMENTATION_COMMENTS = YES;
				CLANG_WARN_EMPTY_BODY = YES;
				CLANG_WARN_ENUM_CONVERSION = YES;
				CLANG_WARN_INFINITE_RECURSION = YES;
				CLANG_WARN_INT_CONVERSION = YES;
				CLANG_WARN_NON_LITERAL_NULL_CONVERSION = YES;
				CLANG_WARN_OBJC_IMPLICIT_RETAIN_SELF = YES;
				CLANG_WARN_OBJC_LITERAL_CONVERSION = YES;
				CLANG_WARN_OBJC_ROOT_CLASS = YES_ERROR;
				CLANG_WARN_RANGE_LOOP_ANALYSIS = YES;
				CLANG_WARN_STRICT_PROTOTYPES = YES;
				CLANG_WARN_SUSPICIOUS_MOVE = YES;
				CLANG_WARN_UNGUARDED_AVAILABILITY = YES_AGGRESSIVE;
				CLANG_WARN_UNREACHABLE_CODE = YES;
				CLANG_WARN__DUPLICATE_METHOD_MATCH = YES;
				CODE_SIGN_IDENTITY = "iPhone Developer";
				COPY_PHASE_STRIP = NO;
				DEBUG_INFORMATION_FORMAT = dwarf;
				ENABLE_STRICT_OBJC_MSGSEND = YES;
				ENABLE_TESTABILITY = YES;
				GCC_C_LANGUAGE_STANDARD = gnu11;
				GCC_DYNAMIC_NO_PIC = NO;
				GCC_NO_COMMON_BLOCKS = YES;
				GCC_OPTIMIZATION_LEVEL = 0;
				GCC_PREPROCESSOR_DEFINITIONS = (
					"DEBUG=1",
					"$(inherited)",
				);
				GCC_WARN_64_TO_32_BIT_CONVERSION = YES;
				GCC_WARN_ABOUT_RETURN_TYPE = YES_ERROR;
				GCC_WARN_UNDECLARED_SELECTOR = YES;
				GCC_WARN_UNINITIALIZED_AUTOS = YES_AGGRESSIVE;
				GCC_WARN_UNUSED_FUNCTION = YES;
				GCC_WARN_UNUSED_VARIABLE = YES;
				IPHONEOS_DEPLOYMENT_TARGET = 12.2;
				MTL_ENABLE_DEBUG_INFO = INCLUDE_SOURCE;
				MTL_FAST_MATH = YES;
				ONLY_ACTIVE_ARCH = YES;
				SDKROOT = iphoneos;
				SWIFT_ACTIVE_COMPILATION_CONDITIONS = DEBUG;
				SWIFT_OPTIMIZATION_LEVEL = "-Onone";
			};
			name = Debug;
		};
		589E86CC224E20680043DF41 /* Release */ = {
			isa = XCBuildConfiguration;
			buildSettings = {
				ALWAYS_SEARCH_USER_PATHS = NO;
				CLANG_ANALYZER_NONNULL = YES;
				CLANG_ANALYZER_NUMBER_OBJECT_CONVERSION = YES_AGGRESSIVE;
				CLANG_CXX_LANGUAGE_STANDARD = "gnu++14";
				CLANG_CXX_LIBRARY = "libc++";
				CLANG_ENABLE_MODULES = YES;
				CLANG_ENABLE_OBJC_ARC = YES;
				CLANG_ENABLE_OBJC_WEAK = YES;
				CLANG_WARN_BLOCK_CAPTURE_AUTORELEASING = YES;
				CLANG_WARN_BOOL_CONVERSION = YES;
				CLANG_WARN_COMMA = YES;
				CLANG_WARN_CONSTANT_CONVERSION = YES;
				CLANG_WARN_DEPRECATED_OBJC_IMPLEMENTATIONS = YES;
				CLANG_WARN_DIRECT_OBJC_ISA_USAGE = YES_ERROR;
				CLANG_WARN_DOCUMENTATION_COMMENTS = YES;
				CLANG_WARN_EMPTY_BODY = YES;
				CLANG_WARN_ENUM_CONVERSION = YES;
				CLANG_WARN_INFINITE_RECURSION = YES;
				CLANG_WARN_INT_CONVERSION = YES;
				CLANG_WARN_NON_LITERAL_NULL_CONVERSION = YES;
				CLANG_WARN_OBJC_IMPLICIT_RETAIN_SELF = YES;
				CLANG_WARN_OBJC_LITERAL_CONVERSION = YES;
				CLANG_WARN_OBJC_ROOT_CLASS = YES_ERROR;
				CLANG_WARN_RANGE_LOOP_ANALYSIS = YES;
				CLANG_WARN_STRICT_PROTOTYPES = YES;
				CLANG_WARN_SUSPICIOUS_MOVE = YES;
				CLANG_WARN_UNGUARDED_AVAILABILITY = YES_AGGRESSIVE;
				CLANG_WARN_UNREACHABLE_CODE = YES;
				CLANG_WARN__DUPLICATE_METHOD_MATCH = YES;
				CODE_SIGN_IDENTITY = "iPhone Developer";
				COPY_PHASE_STRIP = NO;
				DEBUG_INFORMATION_FORMAT = "dwarf-with-dsym";
				ENABLE_NS_ASSERTIONS = NO;
				ENABLE_STRICT_OBJC_MSGSEND = YES;
				GCC_C_LANGUAGE_STANDARD = gnu11;
				GCC_NO_COMMON_BLOCKS = YES;
				GCC_WARN_64_TO_32_BIT_CONVERSION = YES;
				GCC_WARN_ABOUT_RETURN_TYPE = YES_ERROR;
				GCC_WARN_UNDECLARED_SELECTOR = YES;
				GCC_WARN_UNINITIALIZED_AUTOS = YES_AGGRESSIVE;
				GCC_WARN_UNUSED_FUNCTION = YES;
				GCC_WARN_UNUSED_VARIABLE = YES;
				IPHONEOS_DEPLOYMENT_TARGET = 12.2;
				MTL_ENABLE_DEBUG_INFO = NO;
				MTL_FAST_MATH = YES;
				SDKROOT = iphoneos;
				SWIFT_COMPILATION_MODE = wholemodule;
				SWIFT_OPTIMIZATION_LEVEL = "-O";
				VALIDATE_PRODUCT = YES;
			};
			name = Release;
		};
		589E86CE224E20680043DF41 /* Debug */ = {
			isa = XCBuildConfiguration;
			buildSettings = {
				ASSETCATALOG_COMPILER_APPICON_NAME = AppIcon;
				CODE_SIGN_STYLE = Automatic;
				DEVELOPMENT_TEAM = N26XM7U465;
				INFOPLIST_FILE = UICMessageApp/Info.plist;
				LD_RUNPATH_SEARCH_PATHS = (
					"$(inherited)",
					"@executable_path/Frameworks",
				);
				PRODUCT_BUNDLE_IDENTIFIER = com.fitbest.messenger.UICMessageApp;
				PRODUCT_NAME = "$(TARGET_NAME)";
				SWIFT_VERSION = 5.0;
				TARGETED_DEVICE_FAMILY = "1,2";
			};
			name = Debug;
		};
		589E86CF224E20680043DF41 /* Release */ = {
			isa = XCBuildConfiguration;
			buildSettings = {
				ASSETCATALOG_COMPILER_APPICON_NAME = AppIcon;
				CODE_SIGN_STYLE = Automatic;
				DEVELOPMENT_TEAM = N26XM7U465;
				INFOPLIST_FILE = UICMessageApp/Info.plist;
				LD_RUNPATH_SEARCH_PATHS = (
					"$(inherited)",
					"@executable_path/Frameworks",
				);
				PRODUCT_BUNDLE_IDENTIFIER = com.fitbest.messenger.UICMessageApp;
				PRODUCT_NAME = "$(TARGET_NAME)";
				SWIFT_VERSION = 5.0;
				TARGETED_DEVICE_FAMILY = "1,2";
			};
			name = Release;
		};
/* End XCBuildConfiguration section */

/* Begin XCConfigurationList section */
		589E86B6224E20660043DF41 /* Build configuration list for PBXProject "UICMessageApp" */ = {
			isa = XCConfigurationList;
			buildConfigurations = (
				589E86CB224E20680043DF41 /* Debug */,
				589E86CC224E20680043DF41 /* Release */,
			);
			defaultConfigurationIsVisible = 0;
			defaultConfigurationName = Release;
		};
		589E86CD224E20680043DF41 /* Build configuration list for PBXNativeTarget "UICMessageApp" */ = {
			isa = XCConfigurationList;
			buildConfigurations = (
				589E86CE224E20680043DF41 /* Debug */,
				589E86CF224E20680043DF41 /* Release */,
			);
			defaultConfigurationIsVisible = 0;
			defaultConfigurationName = Release;
		};
/* End XCConfigurationList section */
	};
	rootObject = 589E86B3224E20660043DF41 /* Project object */;
}
